
Microsoft Visual Studio Solution File, Format Version 12.00
# Visual Studio Version 16
VisualStudioVersion = 16.0.31005.135
MinimumVisualStudioVersion = 10.0.40219.1
Project("{FAE04EC0-301F-11D3-BF4B-00C04F79EFBC}") = "ProjetV1", "ProjetV1.csproj", "{B3CC080A-0AAA-46A9-B402-80CF2B46C39D}"
EndProject
Global
	GlobalSection(SolutionConfigurationPlatforms) = preSolution
		Debug|Any CPU = Debug|Any CPU
		Release|Any CPU = Release|Any CPU
	EndGlobalSection
	GlobalSection(ProjectConfigurationPlatforms) = postSolution
		{B3CC080A-0AAA-46A9-B402-80CF2B46C39D}.Debug|Any CPU.ActiveCfg = Debug|Any CPU
		{B3CC080A-0AAA-46A9-B402-80CF2B46C39D}.Debug|Any CPU.Build.0 = Debug|Any CPU
		{B3CC080A-0AAA-46A9-B402-80CF2B46C39D}.Release|Any CPU.ActiveCfg = Release|Any CPU
		{B3CC080A-0AAA-46A9-B402-80CF2B46C39D}.Release|Any CPU.Build.0 = Release|Any CPU
	EndGlobalSection
	GlobalSection(SolutionProperties) = preSolution
		HideSolutionNode = FALSE
	EndGlobalSection
	GlobalSection(ExtensibilityGlobals) = postSolution
		SolutionGuid = {1C118276-7533-4476-AC83-96815F9BD110}
	EndGlobalSection
EndGlobal
